
Microsoft Visual Studio Solution File, Format Version 12.00
# Visual Studio Version 16
VisualStudioVersion = 16.0.30611.23
MinimumVisualStudioVersion = 10.0.40219.1
Project("{FAE04EC0-301F-11D3-BF4B-00C04F79EFBC}") = "Mady.Database", "Mady.Database\Mady.Database.csproj", "{79184CF7-AD9B-4D63-8028-6F0A5F6B2DB6}"
EndProject
Global
	GlobalSection(SolutionConfigurationPlatforms) = preSolution
		Debug|Any CPU = Debug|Any CPU
		Release|Any CPU = Release|Any CPU
	EndGlobalSection
	GlobalSection(ProjectConfigurationPlatforms) = postSolution
		{79184CF7-AD9B-4D63-8028-6F0A5F6B2DB6}.Debug|Any CPU.ActiveCfg = Debug|Any CPU
		{79184CF7-AD9B-4D63-8028-6F0A5F6B2DB6}.Debug|Any CPU.Build.0 = Debug|Any CPU
		{79184CF7-AD9B-4D63-8028-6F0A5F6B2DB6}.Release|Any CPU.ActiveCfg = Release|Any CPU
		{79184CF7-AD9B-4D63-8028-6F0A5F6B2DB6}.Release|Any CPU.Build.0 = Release|Any CPU
	EndGlobalSection
	GlobalSection(SolutionProperties) = preSolution
		HideSolutionNode = FALSE
	EndGlobalSection
	GlobalSection(ExtensibilityGlobals) = postSolution
		SolutionGuid = {7E3E1F22-217F-4577-9041-8BDDBA048526}
	EndGlobalSection
EndGlobal
